
Microsoft Visual Studio Solution File, Format Version 12.00
# Visual Studio Version 16
VisualStudioVersion = 16.0.30011.22
MinimumVisualStudioVersion = 10.0.40219.1
Project("{8BC9CEB8-8B4A-11D0-8D11-00A0C91BC942}") = "TM", "TM\TM.vcxproj", "{F58D6208-4226-4626-BEFF-9F70D9CBCB96}"
EndProject
Global
	GlobalSection(SolutionConfigurationPlatforms) = preSolution
		Debug|x64 = Debug|x64
		Debug|x86 = Debug|x86
		Release|x64 = Release|x64
		Release|x86 = Release|x86
	EndGlobalSection
	GlobalSection(ProjectConfigurationPlatforms) = postSolution
		{F58D6208-4226-4626-BEFF-9F70D9CBCB96}.Debug|x64.ActiveCfg = Debug|x64
		{F58D6208-4226-4626-BEFF-9F70D9CBCB96}.Debug|x64.Build.0 = Debug|x64
		{F58D6208-4226-4626-BEFF-9F70D9CBCB96}.Debug|x86.ActiveCfg = Debug|Win32
		{F58D6208-4226-4626-BEFF-9F70D9CBCB96}.Debug|x86.Build.0 = Debug|Win32
		{F58D6208-4226-4626-BEFF-9F70D9CBCB96}.Release|x64.ActiveCfg = Release|x64
		{F58D6208-4226-4626-BEFF-9F70D9CBCB96}.Release|x64.Build.0 = Release|x64
		{F58D6208-4226-4626-BEFF-9F70D9CBCB96}.Release|x86.ActiveCfg = Release|Win32
		{F58D6208-4226-4626-BEFF-9F70D9CBCB96}.Release|x86.Build.0 = Release|Win32
	EndGlobalSection
	GlobalSection(SolutionProperties) = preSolution
		HideSolutionNode = FALSE
	EndGlobalSection
	GlobalSection(ExtensibilityGlobals) = postSolution
		SolutionGuid = {D3BE625E-CD0D-4CE7-9B4C-8BE60C05627F}
	EndGlobalSection
EndGlobal
